// !$*UTF8*$!
{
	archiveVersion = 1;
	classes = {
	};
	objectVersion = 46;
	objects = {

/* Begin PBXBuildFile section */
		28E302D91B0CCE6C0032C8EE /* AppDelegate.swift in Sources */ = {isa = PBXBuildFile; fileRef = 28E302D81B0CCE6C0032C8EE /* AppDelegate.swift */; };
		28E302DB1B0CCE6C0032C8EE /* GameScene.sks in Resources */ = {isa = PBXBuildFile; fileRef = 28E302DA1B0CCE6C0032C8EE /* GameScene.sks */; };
		28E302DD1B0CCE6C0032C8EE /* GameScene.swift in Sources */ = {isa = PBXBuildFile; fileRef = 28E302DC1B0CCE6C0032C8EE /* GameScene.swift */; };
		28E302DF1B0CCE6C0032C8EE /* GameViewController.swift in Sources */ = {isa = PBXBuildFile; fileRef = 28E302DE1B0CCE6C0032C8EE /* GameViewController.swift */; };
		28E302E21B0CCE6C0032C8EE /* Main.storyboard in Resources */ = {isa = PBXBuildFile; fileRef = 28E302E01B0CCE6C0032C8EE /* Main.storyboard */; };
		28E302E41B0CCE6C0032C8EE /* Images.xcassets in Resources */ = {isa = PBXBuildFile; fileRef = 28E302E31B0CCE6C0032C8EE /* Images.xcassets */; };
		28E302E71B0CCE6C0032C8EE /* LaunchScreen.xib in Resources */ = {isa = PBXBuildFile; fileRef = 28E302E51B0CCE6C0032C8EE /* LaunchScreen.xib */; };
		28E302F31B0CCE6D0032C8EE /* Flappy_DemoTests.swift in Sources */ = {isa = PBXBuildFile; fileRef = 28E302F21B0CCE6D0032C8EE /* Flappy_DemoTests.swift */; };
/* End PBXBuildFile section */

/* Begin PBXContainerItemProxy section */
		28E302ED1B0CCE6D0032C8EE /* PBXContainerItemProxy */ = {
			isa = PBXContainerItemProxy;
			containerPortal = 28E302CB1B0CCE6C0032C8EE /* Project object */;
			proxyType = 1;
			remoteGlobalIDString = 28E302D21B0CCE6C0032C8EE;
			remoteInfo = "Flappy Demo";
		};
/* End PBXContainerItemProxy section */

/* Begin PBXFileReference section */
		28E302D31B0CCE6C0032C8EE /* Flappy Demo.app */ = {isa = PBXFileReference; explicitFileType = wrapper.application; includeInIndex = 0; path = "Flappy Demo.app"; sourceTree = BUILT_PRODUCTS_DIR; };
		28E302D71B0CCE6C0032C8EE /* Info.plist */ = {isa = PBXFileReference; lastKnownFileType = text.plist.xml; path = Info.plist; sourceTree = "<group>"; };
		28E302D81B0CCE6C0032C8EE /* AppDelegate.swift */ = {isa = PBXFileReference; lastKnownFileType = sourcecode.swift; path = AppDelegate.swift; sourceTree = "<group>"; };
		28E302DA1B0CCE6C0032C8EE /* GameScene.sks */ = {isa = PBXFileReference; lastKnownFileType = file.sks; path = GameScene.sks; sourceTree = "<group>"; };
		28E302DC1B0CCE6C0032C8EE /* GameScene.swift */ = {isa = PBXFileReference; lastKnownFileType = sourcecode.swift; path = GameScene.swift; sourceTree = "<group>"; };
		28E302DE1B0CCE6C0032C8EE /* GameViewController.swift */ = {isa = PBXFileReference; lastKnownFileType = sourcecode.swift; path = GameViewController.swift; sourceTree = "<group>"; };
		28E302E11B0CCE6C0032C8EE /* Base */ = {isa = PBXFileReference; lastKnownFileType = file.storyboard; name = Base; path = Base.lproj/Main.storyboard; sourceTree = "<group>"; };
		28E302E31B0CCE6C0032C8EE /* Images.xcassets */ = {isa = PBXFileReference; lastKnownFileType = folder.assetcatalog; path = Images.xcassets; sourceTree = "<group>"; };
		28E302E61B0CCE6C0032C8EE /* Base */ = {isa = PBXFileReference; lastKnownFileType = file.xib; name = Base; path = Base.lproj/LaunchScreen.xib; sourceTree = "<group>"; };
		28E302EC1B0CCE6D0032C8EE /* Flappy DemoTests.xctest */ = {isa = PBXFileReference; explicitFileType = wrapper.cfbundle; includeInIndex = 0; path = "Flappy DemoTests.xctest"; sourceTree = BUILT_PRODUCTS_DIR; };
		28E302F11B0CCE6D0032C8EE /* Info.plist */ = {isa = PBXFileReference; lastKnownFileType = text.plist.xml; path = Info.plist; sourceTree = "<group>"; };
		28E302F21B0CCE6D0032C8EE /* Flappy_DemoTests.swift */ = {isa = PBXFileReference; lastKnownFileType = sourcecode.swift; path = Flappy_DemoTests.swift; sourceTree = "<group>"; };
/* End PBXFileReference section */

/* Begin PBXFrameworksBuildPhase section */
		28E302D01B0CCE6C0032C8EE /* Frameworks */ = {
			isa = PBXFrameworksBuildPhase;
			buildActionMask = 2147483647;
			files = (
			);
			runOnlyForDeploymentPostprocessing = 0;
		};
		28E302E91B0CCE6D0032C8EE /* Frameworks */ = {
			isa = PBXFrameworksBuildPhase;
			buildActionMask = 2147483647;
			files = (
			);
			runOnlyForDeploymentPostprocessing = 0;
		};
/* End PBXFrameworksBuildPhase section */

/* Begin PBXGroup section */
		28E302CA1B0CCE6C0032C8EE = {
			isa = PBXGroup;
			children = (
				28E302D51B0CCE6C0032C8EE /* Flappy Demo */,
				28E302EF1B0CCE6D0032C8EE /* Flappy DemoTests */,
				28E302D41B0CCE6C0032C8EE /* Products */,
			);
			sourceTree = "<group>";
		};
		28E302D41B0CCE6C0032C8EE /* Products */ = {
			isa = PBXGroup;
			children = (
				28E302D31B0CCE6C0032C8EE /* Flappy Demo.app */,
				28E302EC1B0CCE6D0032C8EE /* Flappy DemoTests.xctest */,
			);
			name = Products;
			sourceTree = "<group>";
		};
		28E302D51B0CCE6C0032C8EE /* Flappy Demo */ = {
			isa = PBXGroup;
			children = (
				28E302D81B0CCE6C0032C8EE /* AppDelegate.swift */,
				28E302DA1B0CCE6C0032C8EE /* GameScene.sks */,
				28E302DC1B0CCE6C0032C8EE /* GameScene.swift */,
				28E302DE1B0CCE6C0032C8EE /* GameViewController.swift */,
				28E302E01B0CCE6C0032C8EE /* Main.storyboard */,
				28E302E31B0CCE6C0032C8EE /* Images.xcassets */,
				28E302E51B0CCE6C0032C8EE /* LaunchScreen.xib */,
				28E302D61B0CCE6C0032C8EE /* Supporting Files */,
			);
			path = "Flappy Demo";
			sourceTree = "<group>";
		};
		28E302D61B0CCE6C0032C8EE /* Supporting Files */ = {
			isa = PBXGroup;
			children = (
				28E302D71B0CCE6C0032C8EE /* Info.plist */,
			);
			name = "Supporting Files";
			sourceTree = "<group>";
		};
		28E302EF1B0CCE6D0032C8EE /* Flappy DemoTests */ = {
			isa = PBXGroup;
			children = (
				28E302F21B0CCE6D0032C8EE /* Flappy_DemoTests.swift */,
				28E302F01B0CCE6D0032C8EE /* Supporting Files */,
			);
			path = "Flappy DemoTests";
			sourceTree = "<group>";
		};
		28E302F01B0CCE6D0032C8EE /* Supporting Files */ = {
			isa = PBXGroup;
			children = (
				28E302F11B0CCE6D0032C8EE /* Info.plist */,
			);
			name = "Supporting Files";
			sourceTree = "<group>";
		};
/* End PBXGroup section */

/* Begin PBXNativeTarget section */
		28E302D21B0CCE6C0032C8EE /* Flappy Demo */ = {
			isa = PBXNativeTarget;
			buildConfigurationList = 28E302F61B0CCE6D0032C8EE /* Build configuration list for PBXNativeTarget "Flappy Demo" */;
			buildPhases = (
				28E302CF1B0CCE6C0032C8EE /* Sources */,
				28E302D01B0CCE6C0032C8EE /* Frameworks */,
				28E302D11B0CCE6C0032C8EE /* Resources */,
			);
			buildRules = (
			);
			dependencies = (
			);
			name = "Flappy Demo";
			productName = "Flappy Demo";
			productReference = 28E302D31B0CCE6C0032C8EE /* Flappy Demo.app */;
			productType = "com.apple.product-type.application";
		};
		28E302EB1B0CCE6D0032C8EE /* Flappy DemoTests */ = {
			isa = PBXNativeTarget;
			buildConfigurationList = 28E302F91B0CCE6D0032C8EE /* Build configuration list for PBXNativeTarget "Flappy DemoTests" */;
			buildPhases = (
				28E302E81B0CCE6D0032C8EE /* Sources */,
				28E302E91B0CCE6D0032C8EE /* Frameworks */,
				28E302EA1B0CCE6D0032C8EE /* Resources */,
			);
			buildRules = (
			);
			dependencies = (
				28E302EE1B0CCE6D0032C8EE /* PBXTargetDependency */,
			);
			name = "Flappy DemoTests";
			productName = "Flappy DemoTests";
			productReference = 28E302EC1B0CCE6D0032C8EE /* Flappy DemoTests.xctest */;
			productType = "com.apple.product-type.bundle.unit-test";
		};
/* End PBXNativeTarget section */

/* Begin PBXProject section */
		28E302CB1B0CCE6C0032C8EE /* Project object */ = {
			isa = PBXProject;
			attributes = {
				LastUpgradeCheck = 0630;
				ORGANIZATIONNAME = "Catherine Reyto";
				TargetAttributes = {
					28E302D21B0CCE6C0032C8EE = {
						CreatedOnToolsVersion = 6.3;
					};
					28E302EB1B0CCE6D0032C8EE = {
						CreatedOnToolsVersion = 6.3;
						TestTargetID = 28E302D21B0CCE6C0032C8EE;
					};
				};
			};
			buildConfigurationList = 28E302CE1B0CCE6C0032C8EE /* Build configuration list for PBXProject "Flappy Demo" */;
			compatibilityVersion = "Xcode 3.2";
			developmentRegion = English;
			hasScannedForEncodings = 0;
			knownRegions = (
				en,
				Base,
			);
			mainGroup = 28E302CA1B0CCE6C0032C8EE;
			productRefGroup = 28E302D41B0CCE6C0032C8EE /* Products */;
			projectDirPath = "";
			projectRoot = "";
			targets = (
				28E302D21B0CCE6C0032C8EE /* Flappy Demo */,
				28E302EB1B0CCE6D0032C8EE /* Flappy DemoTests */,
			);
		};
/* End PBXProject section */

/* Begin PBXResourcesBuildPhase section */
		28E302D11B0CCE6C0032C8EE /* Resources */ = {
			isa = PBXResourcesBuildPhase;
			buildActionMask = 2147483647;
			files = (
				28E302E71B0CCE6C0032C8EE /* LaunchScreen.xib in Resources */,
				28E302E41B0CCE6C0032C8EE /* Images.xcassets in Resources */,
				28E302DB1B0CCE6C0032C8EE /* GameScene.sks in Resources */,
				28E302E21B0CCE6C0032C8EE /* Main.storyboard in Resources */,
			);
			runOnlyForDeploymentPostprocessing = 0;
		};
		28E302EA1B0CCE6D0032C8EE /* Resources */ = {
			isa = PBXResourcesBuildPhase;
			buildActionMask = 2147483647;
			files = (
			);
			runOnlyForDeploymentPostprocessing = 0;
		};
/* End PBXResourcesBuildPhase section */

/* Begin PBXSourcesBuildPhase section */
		28E302CF1B0CCE6C0032C8EE /* Sources */ = {
			isa = PBXSourcesBuildPhase;
			buildActionMask = 2147483647;
			files = (
				28E302DD1B0CCE6C0032C8EE /* GameScene.swift in Sources */,
				28E302DF1B0CCE6C0032C8EE /* GameViewController.swift in Sources */,
				28E302D91B0CCE6C0032C8EE /* AppDelegate.swift in Sources */,
			);
			runOnlyForDeploymentPostprocessing = 0;
		};
		28E302E81B0CCE6D0032C8EE /* Sources */ = {
			isa = PBXSourcesBuildPhase;
			buildActionMask = 2147483647;
			files = (
				28E302F31B0CCE6D0032C8EE /* Flappy_DemoTests.swift in Sources */,
			);
			runOnlyForDeploymentPostprocessing = 0;
		};
/* End PBXSourcesBuildPhase section */

/* Begin PBXTargetDependency section */
		28E302EE1B0CCE6D0032C8EE /* PBXTargetDependency */ = {
			isa = PBXTargetDependency;
			target = 28E302D21B0CCE6C0032C8EE /* Flappy Demo */;
			targetProxy = 28E302ED1B0CCE6D0032C8EE /* PBXContainerItemProxy */;
		};
/* End PBXTargetDependency section */

/* Begin PBXVariantGroup section */
		28E302E01B0CCE6C0032C8EE /* Main.storyboard */ = {
			isa = PBXVariantGroup;
			children = (
				28E302E11B0CCE6C0032C8EE /* Base */,
			);
			name = Main.storyboard;
			sourceTree = "<group>";
		};
		28E302E51B0CCE6C0032C8EE /* LaunchScreen.xib */ = {
			isa = PBXVariantGroup;
			children = (
				28E302E61B0CCE6C0032C8EE /* Base */,
			);
			name = LaunchScreen.xib;
			sourceTree = "<group>";
		};
/* End PBXVariantGroup section */

/* Begin XCBuildConfiguration section */
		28E302F41B0CCE6D0032C8EE /* Debug */ = {
			isa = XCBuildConfiguration;
			buildSettings = {
				ALWAYS_SEARCH_USER_PATHS = NO;
				CLANG_CXX_LANGUAGE_STANDARD = "gnu++0x";
				CLANG_CXX_LIBRARY = "libc++";
				CLANG_ENABLE_MODULES = YES;
				CLANG_ENABLE_OBJC_ARC = YES;
				CLANG_WARN_BOOL_CONVERSION = YES;
				CLANG_WARN_CONSTANT_CONVERSION = YES;
				CLANG_WARN_DIRECT_OBJC_ISA_USAGE = YES_ERROR;
				CLANG_WARN_EMPTY_BODY = YES;
				CLANG_WARN_ENUM_CONVERSION = YES;
				CLANG_WARN_INT_CONVERSION = YES;
				CLANG_WARN_OBJC_ROOT_CLASS = YES_ERROR;
				CLANG_WARN_UNREACHABLE_CODE = YES;
				CLANG_WARN__DUPLICATE_METHOD_MATCH = YES;
				"CODE_SIGN_IDENTITY[sdk=iphoneos*]" = "iPhone Developer";
				COPY_PHASE_STRIP = NO;
				DEBUG_INFORMATION_FORMAT = "dwarf-with-dsym";
				ENABLE_STRICT_OBJC_MSGSEND = YES;
				GCC_C_LANGUAGE_STANDARD = gnu99;
				GCC_DYNAMIC_NO_PIC = NO;
				GCC_NO_COMMON_BLOCKS = YES;
				GCC_OPTIMIZATION_LEVEL = 0;
				GCC_PREPROCESSOR_DEFINITIONS = (
					"DEBUG=1",
					"$(inherited)",
				);
				GCC_SYMBOLS_PRIVATE_EXTERN = NO;
				GCC_WARN_64_TO_32_BIT_CONVERSION = YES;
				GCC_WARN_ABOUT_RETURN_TYPE = YES_ERROR;
				GCC_WARN_UNDECLARED_SELECTOR = YES;
				GCC_WARN_UNINITIALIZED_AUTOS = YES_AGGRESSIVE;
				GCC_WARN_UNUSED_FUNCTION = YES;
				GCC_WARN_UNUSED_VARIABLE = YES;
				IPHONEOS_DEPLOYMENT_TARGET = 8.3;
				MTL_ENABLE_DEBUG_INFO = YES;
				ONLY_ACTIVE_ARCH = YES;
				SDKROOT = iphoneos;
				SWIFT_OPTIMIZATION_LEVEL = "-Onone";
			};
			name = Debug;
		};
		28E302F51B0CCE6D0032C8EE /* Release */ = {
			isa = XCBuildConfiguration;
			buildSettings = {
				ALWAYS_SEARCH_USER_PATHS = NO;
				CLANG_CXX_LANGUAGE_STANDARD = "gnu++0x";
				CLANG_CXX_LIBRARY = "libc++";
				CLANG_ENABLE_MODULES = YES;
				CLANG_ENABLE_OBJC_ARC = YES;
				CLANG_WARN_BOOL_CONVERSION = YES;
				CLANG_WARN_CONSTANT_CONVERSION = YES;
				CLANG_WARN_DIRECT_OBJC_ISA_USAGE = YES_ERROR;
				CLANG_WARN_EMPTY_BODY = YES;
				CLANG_WARN_ENUM_CONVERSION = YES;
				CLANG_WARN_INT_CONVERSION = YES;
				CLANG_WARN_OBJC_ROOT_CLASS = YES_ERROR;
				CLANG_WARN_UNREACHABLE_CODE = YES;
				CLANG_WARN__DUPLICATE_METHOD_MATCH = YES;
				"CODE_SIGN_IDENTITY[sdk=iphoneos*]" = "iPhone Developer";
				COPY_PHASE_STRIP = NO;
				DEBUG_INFORMATION_FORMAT = "dwarf-with-dsym";
				ENABLE_NS_ASSERTIONS = NO;
				ENABLE_STRICT_OBJC_MSGSEND = YES;
				GCC_C_LANGUAGE_STANDARD = gnu99;
				GCC_NO_COMMON_BLOCKS = YES;
				GCC_WARN_64_TO_32_BIT_CONVERSION = YES;
				GCC_WARN_ABOUT_RETURN_TYPE = YES_ERROR;
				GCC_WARN_UNDECLARED_SELECTOR = YES;
				GCC_WARN_UNINITIALIZED_AUTOS = YES_AGGRESSIVE;
				GCC_WARN_UNUSED_FUNCTION = YES;
				GCC_WARN_UNUSED_VARIABLE = YES;
				IPHONEOS_DEPLOYMENT_TARGET = 8.3;
				MTL_ENABLE_DEBUG_INFO = NO;
				SDKROOT = iphoneos;
				VALIDATE_PRODUCT = YES;
			};
			name = Release;
		};
		28E302F71B0CCE6D0032C8EE /* Debug */ = {
			isa = XCBuildConfiguration;
			buildSettings = {
				ASSETCATALOG_COMPILER_APPICON_NAME = AppIcon;
				INFOPLIST_FILE = "Flappy Demo/Info.plist";
				LD_RUNPATH_SEARCH_PATHS = "$(inherited) @executable_path/Frameworks";
				PRODUCT_NAME = "$(TARGET_NAME)";
			};
			name = Debug;
		};
		28E302F81B0CCE6D0032C8EE /* Release */ = {
			isa = XCBuildConfiguration;
			buildSettings = {
				ASSETCATALOG_COMPILER_APPICON_NAME = AppIcon;
				INFOPLIST_FILE = "Flappy Demo/Info.plist";
				LD_RUNPATH_SEARCH_PATHS = "$(inherited) @executable_path/Frameworks";
				PRODUCT_NAME = "$(TARGET_NAME)";
			};
			name = Release;
		};
		28E302FA1B0CCE6D0032C8EE /* Debug */ = {
			isa = XCBuildConfiguration;
			buildSettings = {
				BUNDLE_LOADER = "$(TEST_HOST)";
				FRAMEWORK_SEARCH_PATHS = (
					"$(SDKROOT)/Developer/Library/Frameworks",
					"$(inherited)",
				);
				GCC_PREPROCESSOR_DEFINITIONS = (
					"DEBUG=1",
					"$(inherited)",
				);
				INFOPLIST_FILE = "Flappy DemoTests/Info.plist";
				LD_RUNPATH_SEARCH_PATHS = "$(inherited) @executable_path/Frameworks @loader_path/Frameworks";
				PRODUCT_NAME = "$(TARGET_NAME)";
				TEST_HOST = "$(BUILT_PRODUCTS_DIR)/Flappy Demo.app/Flappy Demo";
			};
			name = Debug;
		};
		28E302FB1B0CCE6D0032C8EE /* Release */ = {
			isa = XCBuildConfiguration;
			buildSettings = {
				BUNDLE_LOADER = "$(TEST_HOST)";
				FRAMEWORK_SEARCH_PATHS = (
					"$(SDKROOT)/Developer/Library/Frameworks",
					"$(inherited)",
				);
				INFOPLIST_FILE = "Flappy DemoTests/Info.plist";
				LD_RUNPATH_SEARCH_PATHS = "$(inherited) @executable_path/Frameworks @loader_path/Frameworks";
				PRODUCT_NAME = "$(TARGET_NAME)";
				TEST_HOST = "$(BUILT_PRODUCTS_DIR)/Flappy Demo.app/Flappy Demo";
			};
			name = Release;
		};
/* End XCBuildConfiguration section */

/* Begin XCConfigurationList section */
		28E302CE1B0CCE6C0032C8EE /* Build configuration list for PBXProject "Flappy Demo" */ = {
			isa = XCConfigurationList;
			buildConfigurations = (
				28E302F41B0CCE6D0032C8EE /* Debug */,
				28E302F51B0CCE6D0032C8EE /* Release */,
			);
			defaultConfigurationIsVisible = 0;
			defaultConfigurationName = Release;
		};
		28E302F61B0CCE6D0032C8EE /* Build configuration list for PBXNativeTarget "Flappy Demo" */ = {
			isa = XCConfigurationList;
			buildConfigurations = (
				28E302F71B0CCE6D0032C8EE /* Debug */,
				28E302F81B0CCE6D0032C8EE /* Release */,
			);
			defaultConfigurationIsVisible = 0;
		};
		28E302F91B0CCE6D0032C8EE /* Build configuration list for PBXNativeTarget "Flappy DemoTests" */ = {
			isa = XCConfigurationList;
			buildConfigurations = (
				28E302FA1B0CCE6D0032C8EE /* Debug */,
				28E302FB1B0CCE6D0032C8EE /* Release */,
			);
			defaultConfigurationIsVisible = 0;
		};
/* End XCConfigurationList section */
	};
	rootObject = 28E302CB1B0CCE6C0032C8EE /* Project object */;
}
